
Microsoft Visual Studio Solution File, Format Version 12.00
# Visual Studio Version 17
VisualStudioVersion = 17.1.32421.90
MinimumVisualStudioVersion = 10.0.40219.1
Project("{9A19103F-16F7-4668-BE54-9A1E7A4F7556}") = "MyBlazorApp.Server", "MyBlazorApp\Server\MyBlazorApp.Server.csproj", "{68C0A7D0-BB0A-4306-BC8E-678D89DC04DD}"
EndProject
Project("{9A19103F-16F7-4668-BE54-9A1E7A4F7556}") = "MyBlazorApp.Client", "MyBlazorApp\Client\MyBlazorApp.Client.csproj", "{2BC0D5B3-1025-4872-B766-523F5465447B}"
EndProject
Project("{9A19103F-16F7-4668-BE54-9A1E7A4F7556}") = "MyBlazorApp.Shared", "MyBlazorApp\Shared\MyBlazorApp.Shared.csproj", "{C448C813-19C8-4A6F-A386-4805C1B5543C}"
EndProject
Global
	GlobalSection(SolutionConfigurationPlatforms) = preSolution
		Debug|Any CPU = Debug|Any CPU
		Release|Any CPU = Release|Any CPU
	EndGlobalSection
	GlobalSection(ProjectConfigurationPlatforms) = postSolution
		{68C0A7D0-BB0A-4306-BC8E-678D89DC04DD}.Debug|Any CPU.ActiveCfg = Debug|Any CPU
		{68C0A7D0-BB0A-4306-BC8E-678D89DC04DD}.Debug|Any CPU.Build.0 = Debug|Any CPU
		{68C0A7D0-BB0A-4306-BC8E-678D89DC04DD}.Release|Any CPU.ActiveCfg = Release|Any CPU
		{68C0A7D0-BB0A-4306-BC8E-678D89DC04DD}.Release|Any CPU.Build.0 = Release|Any CPU
		{2BC0D5B3-1025-4872-B766-523F5465447B}.Debug|Any CPU.ActiveCfg = Debug|Any CPU
		{2BC0D5B3-1025-4872-B766-523F5465447B}.Debug|Any CPU.Build.0 = Debug|Any CPU
		{2BC0D5B3-1025-4872-B766-523F5465447B}.Release|Any CPU.ActiveCfg = Release|Any CPU
		{2BC0D5B3-1025-4872-B766-523F5465447B}.Release|Any CPU.Build.0 = Release|Any CPU
		{C448C813-19C8-4A6F-A386-4805C1B5543C}.Debug|Any CPU.ActiveCfg = Debug|Any CPU
		{C448C813-19C8-4A6F-A386-4805C1B5543C}.Debug|Any CPU.Build.0 = Debug|Any CPU
		{C448C813-19C8-4A6F-A386-4805C1B5543C}.Release|Any CPU.ActiveCfg = Release|Any CPU
		{C448C813-19C8-4A6F-A386-4805C1B5543C}.Release|Any CPU.Build.0 = Release|Any CPU
	EndGlobalSection
	GlobalSection(SolutionProperties) = preSolution
		HideSolutionNode = FALSE
	EndGlobalSection
	GlobalSection(ExtensibilityGlobals) = postSolution
		SolutionGuid = {B98023E6-9F2E-440B-A68D-CBB6F755355D}
	EndGlobalSection
EndGlobal
